
Microsoft Visual Studio Solution File, Format Version 12.00
# Visual Studio Version 17
VisualStudioVersion = 17.0.31903.59
MinimumVisualStudioVersion = 10.0.40219.1
Project("{2150E333-8FDC-42A3-9474-1A3956D46DE8}") = "src", "src", "{C3F23E10-703D-4434-86C3-F141BC576129}"
EndProject
Project("{2150E333-8FDC-42A3-9474-1A3956D46DE8}") = "tests", "tests", "{6B9C74F0-8F2B-46E8-BEA4-953BE0892AA7}"
EndProject
Project("{9A19103F-16F7-4668-BE54-9A1E7A4F7556}") = "FrontLineCleaners.API", "src\FrontLineCleaners.API\FrontLineCleaners.API.csproj", "{93AAF517-548E-4863-AC8C-561CF970A14D}"
EndProject
Project("{9A19103F-16F7-4668-BE54-9A1E7A4F7556}") = "FrontLineCleaners.Application", "src\FrontLineCleaners.Application\FrontLineCleaners.Application.csproj", "{C578AE3E-E844-470A-BB46-FACC57044ACD}"
EndProject
Project("{9A19103F-16F7-4668-BE54-9A1E7A4F7556}") = "FrontLineCleaners.Domain", "src\FrontLineCleaners.Domain\FrontLineCleaners.Domain.csproj", "{40492B35-19D2-4EDB-BBF7-F27CE65AF6BD}"
EndProject
Project("{9A19103F-16F7-4668-BE54-9A1E7A4F7556}") = "FrontLineCleaners.Infrastructure", "src\FrontLineCleaners.Infrastructure\FrontLineCleaners.Infrastructure.csproj", "{41519C94-C2CA-495E-A3E2-A4BDF7BACC46}"
EndProject
Project("{9A19103F-16F7-4668-BE54-9A1E7A4F7556}") = "FrontLineCleaners.API.Tests", "tests\FrontLineCleaners.API.Tests\FrontLineCleaners.API.Tests.csproj", "{3CEAA453-C3D7-4D8C-933A-6162A65E96DE}"
EndProject
Project("{9A19103F-16F7-4668-BE54-9A1E7A4F7556}") = "FrontLineCleaners.Application.Tests", "tests\FrontLineCleaners.Application.Tests\FrontLineCleaners.Application.Tests.csproj", "{4AA3400B-8791-4277-9930-CB3433C5F720}"
EndProject
Project("{9A19103F-16F7-4668-BE54-9A1E7A4F7556}") = "FrontLineCleaners.Infrastructure.Tests", "tests\FrontLineCleaners.Infrastructure.Tests\FrontLineCleaners.Infrastructure.Tests.csproj", "{E028D5B4-B94E-4D34-AB14-D3BF41F445F8}"
EndProject
Global
	GlobalSection(SolutionConfigurationPlatforms) = preSolution
		Debug|Any CPU = Debug|Any CPU
		Release|Any CPU = Release|Any CPU
	EndGlobalSection
	GlobalSection(ProjectConfigurationPlatforms) = postSolution
		{93AAF517-548E-4863-AC8C-561CF970A14D}.Debug|Any CPU.ActiveCfg = Debug|Any CPU
		{93AAF517-548E-4863-AC8C-561CF970A14D}.Debug|Any CPU.Build.0 = Debug|Any CPU
		{93AAF517-548E-4863-AC8C-561CF970A14D}.Release|Any CPU.ActiveCfg = Release|Any CPU
		{93AAF517-548E-4863-AC8C-561CF970A14D}.Release|Any CPU.Build.0 = Release|Any CPU
		{C578AE3E-E844-470A-BB46-FACC57044ACD}.Debug|Any CPU.ActiveCfg = Debug|Any CPU
		{C578AE3E-E844-470A-BB46-FACC57044ACD}.Debug|Any CPU.Build.0 = Debug|Any CPU
		{C578AE3E-E844-470A-BB46-FACC57044ACD}.Release|Any CPU.ActiveCfg = Release|Any CPU
		{C578AE3E-E844-470A-BB46-FACC57044ACD}.Release|Any CPU.Build.0 = Release|Any CPU
		{40492B35-19D2-4EDB-BBF7-F27CE65AF6BD}.Debug|Any CPU.ActiveCfg = Debug|Any CPU
		{40492B35-19D2-4EDB-BBF7-F27CE65AF6BD}.Debug|Any CPU.Build.0 = Debug|Any CPU
		{40492B35-19D2-4EDB-BBF7-F27CE65AF6BD}.Release|Any CPU.ActiveCfg = Release|Any CPU
		{40492B35-19D2-4EDB-BBF7-F27CE65AF6BD}.Release|Any CPU.Build.0 = Release|Any CPU
		{41519C94-C2CA-495E-A3E2-A4BDF7BACC46}.Debug|Any CPU.ActiveCfg = Debug|Any CPU
		{41519C94-C2CA-495E-A3E2-A4BDF7BACC46}.Debug|Any CPU.Build.0 = Debug|Any CPU
		{41519C94-C2CA-495E-A3E2-A4BDF7BACC46}.Release|Any CPU.ActiveCfg = Release|Any CPU
		{41519C94-C2CA-495E-A3E2-A4BDF7BACC46}.Release|Any CPU.Build.0 = Release|Any CPU
		{3CEAA453-C3D7-4D8C-933A-6162A65E96DE}.Debug|Any CPU.ActiveCfg = Debug|Any CPU
		{3CEAA453-C3D7-4D8C-933A-6162A65E96DE}.Debug|Any CPU.Build.0 = Debug|Any CPU
		{3CEAA453-C3D7-4D8C-933A-6162A65E96DE}.Release|Any CPU.ActiveCfg = Release|Any CPU
		{3CEAA453-C3D7-4D8C-933A-6162A65E96DE}.Release|Any CPU.Build.0 = Release|Any CPU
		{4AA3400B-8791-4277-9930-CB3433C5F720}.Debug|Any CPU.ActiveCfg = Debug|Any CPU
		{4AA3400B-8791-4277-9930-CB3433C5F720}.Debug|Any CPU.Build.0 = Debug|Any CPU
		{4AA3400B-8791-4277-9930-CB3433C5F720}.Release|Any CPU.ActiveCfg = Release|Any CPU
		{4AA3400B-8791-4277-9930-CB3433C5F720}.Release|Any CPU.Build.0 = Release|Any CPU
		{E028D5B4-B94E-4D34-AB14-D3BF41F445F8}.Debug|Any CPU.ActiveCfg = Debug|Any CPU
		{E028D5B4-B94E-4D34-AB14-D3BF41F445F8}.Debug|Any CPU.Build.0 = Debug|Any CPU
		{E028D5B4-B94E-4D34-AB14-D3BF41F445F8}.Release|Any CPU.ActiveCfg = Release|Any CPU
		{E028D5B4-B94E-4D34-AB14-D3BF41F445F8}.Release|Any CPU.Build.0 = Release|Any CPU
	EndGlobalSection
	GlobalSection(SolutionProperties) = preSolution
		HideSolutionNode = FALSE
	EndGlobalSection
	GlobalSection(NestedProjects) = preSolution
		{93AAF517-548E-4863-AC8C-561CF970A14D} = {C3F23E10-703D-4434-86C3-F141BC576129}
		{C578AE3E-E844-470A-BB46-FACC57044ACD} = {C3F23E10-703D-4434-86C3-F141BC576129}
		{40492B35-19D2-4EDB-BBF7-F27CE65AF6BD} = {C3F23E10-703D-4434-86C3-F141BC576129}
		{41519C94-C2CA-495E-A3E2-A4BDF7BACC46} = {C3F23E10-703D-4434-86C3-F141BC576129}
		{3CEAA453-C3D7-4D8C-933A-6162A65E96DE} = {6B9C74F0-8F2B-46E8-BEA4-953BE0892AA7}
		{4AA3400B-8791-4277-9930-CB3433C5F720} = {6B9C74F0-8F2B-46E8-BEA4-953BE0892AA7}
		{E028D5B4-B94E-4D34-AB14-D3BF41F445F8} = {6B9C74F0-8F2B-46E8-BEA4-953BE0892AA7}
	EndGlobalSection
	GlobalSection(ExtensibilityGlobals) = postSolution
		SolutionGuid = {29819EA5-8496-4669-88AE-1D5BD91D3840}
	EndGlobalSection
EndGlobal
